
Microsoft Visual Studio Solution File, Format Version 12.00
# Visual Studio 15
VisualStudioVersion = 15.0.28010.2016
MinimumVisualStudioVersion = 10.0.40219.1
Project("{FAE04EC0-301F-11D3-BF4B-00C04F79EFBC}") = "RubyHouseWeb", "RubyHouseWeb\RubyHouseWeb.csproj", "{1E716E39-4D09-4C2C-A5A4-5919A86E7C88}"
EndProject
Project("{FAE04EC0-301F-11D3-BF4B-00C04F79EFBC}") = "DIRegister", "DIRegister\DIRegister.csproj", "{3D496649-EA06-4A21-9666-35D1FE140E3C}"
EndProject
Project("{FAE04EC0-301F-11D3-BF4B-00C04F79EFBC}") = "EntityFrameWorkModule", "EntityFrameWorkModule\EntityFrameWorkModule.csproj", "{B9B8FAFC-35CB-4A88-8352-BDF3D833276F}"
EndProject
Project("{FAE04EC0-301F-11D3-BF4B-00C04F79EFBC}") = "CommonLibrary", "CommonLibrary\CommonLibrary.csproj", "{90810472-65EB-4A7D-88C1-D863B30F9EEA}"
EndProject
Global
	GlobalSection(SolutionConfigurationPlatforms) = preSolution
		Debug|Any CPU = Debug|Any CPU
		Release|Any CPU = Release|Any CPU
	EndGlobalSection
	GlobalSection(ProjectConfigurationPlatforms) = postSolution
		{1E716E39-4D09-4C2C-A5A4-5919A86E7C88}.Debug|Any CPU.ActiveCfg = Debug|Any CPU
		{1E716E39-4D09-4C2C-A5A4-5919A86E7C88}.Debug|Any CPU.Build.0 = Debug|Any CPU
		{1E716E39-4D09-4C2C-A5A4-5919A86E7C88}.Release|Any CPU.ActiveCfg = Release|Any CPU
		{1E716E39-4D09-4C2C-A5A4-5919A86E7C88}.Release|Any CPU.Build.0 = Release|Any CPU
		{3D496649-EA06-4A21-9666-35D1FE140E3C}.Debug|Any CPU.ActiveCfg = Debug|Any CPU
		{3D496649-EA06-4A21-9666-35D1FE140E3C}.Debug|Any CPU.Build.0 = Debug|Any CPU
		{3D496649-EA06-4A21-9666-35D1FE140E3C}.Release|Any CPU.ActiveCfg = Release|Any CPU
		{3D496649-EA06-4A21-9666-35D1FE140E3C}.Release|Any CPU.Build.0 = Release|Any CPU
		{B9B8FAFC-35CB-4A88-8352-BDF3D833276F}.Debug|Any CPU.ActiveCfg = Debug|Any CPU
		{B9B8FAFC-35CB-4A88-8352-BDF3D833276F}.Debug|Any CPU.Build.0 = Debug|Any CPU
		{B9B8FAFC-35CB-4A88-8352-BDF3D833276F}.Release|Any CPU.ActiveCfg = Release|Any CPU
		{B9B8FAFC-35CB-4A88-8352-BDF3D833276F}.Release|Any CPU.Build.0 = Release|Any CPU
		{90810472-65EB-4A7D-88C1-D863B30F9EEA}.Debug|Any CPU.ActiveCfg = Debug|Any CPU
		{90810472-65EB-4A7D-88C1-D863B30F9EEA}.Debug|Any CPU.Build.0 = Debug|Any CPU
		{90810472-65EB-4A7D-88C1-D863B30F9EEA}.Release|Any CPU.ActiveCfg = Release|Any CPU
		{90810472-65EB-4A7D-88C1-D863B30F9EEA}.Release|Any CPU.Build.0 = Release|Any CPU
	EndGlobalSection
	GlobalSection(SolutionProperties) = preSolution
		HideSolutionNode = FALSE
	EndGlobalSection
	GlobalSection(ExtensibilityGlobals) = postSolution
		SolutionGuid = {B6260108-07B1-4117-8B1B-1646081A23AD}
	EndGlobalSection
EndGlobal
