
Microsoft Visual Studio Solution File, Format Version 12.00
# Visual Studio 15
VisualStudioVersion = 15.0.28010.2016
MinimumVisualStudioVersion = 10.0.40219.1
Project("{FAE04EC0-301F-11D3-BF4B-00C04F79EFBC}") = "RubyHouseWeb", "RubyHouseWeb\RubyHouseWeb.csproj", "{1E716E39-4D09-4C2C-A5A4-5919A86E7C88}"
EndProject
Project("{FAE04EC0-301F-11D3-BF4B-00C04F79EFBC}") = "RubyHouseServices", "RubyHouseServices\RubyHouseServices.csproj", "{46276DD8-7C2D-46F7-980B-B699FB1B0695}"
EndProject
Global
	GlobalSection(SolutionConfigurationPlatforms) = preSolution
		Debug|Any CPU = Debug|Any CPU
		Release|Any CPU = Release|Any CPU
	EndGlobalSection
	GlobalSection(ProjectConfigurationPlatforms) = postSolution
		{1E716E39-4D09-4C2C-A5A4-5919A86E7C88}.Debug|Any CPU.ActiveCfg = Debug|Any CPU
		{1E716E39-4D09-4C2C-A5A4-5919A86E7C88}.Debug|Any CPU.Build.0 = Debug|Any CPU
		{1E716E39-4D09-4C2C-A5A4-5919A86E7C88}.Release|Any CPU.ActiveCfg = Release|Any CPU
		{1E716E39-4D09-4C2C-A5A4-5919A86E7C88}.Release|Any CPU.Build.0 = Release|Any CPU
		{46276DD8-7C2D-46F7-980B-B699FB1B0695}.Debug|Any CPU.ActiveCfg = Debug|Any CPU
		{46276DD8-7C2D-46F7-980B-B699FB1B0695}.Debug|Any CPU.Build.0 = Debug|Any CPU
		{46276DD8-7C2D-46F7-980B-B699FB1B0695}.Release|Any CPU.ActiveCfg = Release|Any CPU
		{46276DD8-7C2D-46F7-980B-B699FB1B0695}.Release|Any CPU.Build.0 = Release|Any CPU
	EndGlobalSection
	GlobalSection(SolutionProperties) = preSolution
		HideSolutionNode = FALSE
	EndGlobalSection
	GlobalSection(ExtensibilityGlobals) = postSolution
		SolutionGuid = {B6260108-07B1-4117-8B1B-1646081A23AD}
	EndGlobalSection
EndGlobal
